
Microsoft Visual Studio Solution File, Format Version 12.00
# Visual Studio Version 17
VisualStudioVersion = 17.7.33913.275
MinimumVisualStudioVersion = 10.0.40219.1
Project("{FAE04EC0-301F-11D3-BF4B-00C04F79EFBC}") = "Ejercicio12", "Ejercicio12.csproj", "{79049AA9-BF69-453A-8927-07BF896AB8E9}"
EndProject
Global
	GlobalSection(SolutionConfigurationPlatforms) = preSolution
		Debug|Any CPU = Debug|Any CPU
		Release|Any CPU = Release|Any CPU
	EndGlobalSection
	GlobalSection(ProjectConfigurationPlatforms) = postSolution
		{79049AA9-BF69-453A-8927-07BF896AB8E9}.Debug|Any CPU.ActiveCfg = Debug|Any CPU
		{79049AA9-BF69-453A-8927-07BF896AB8E9}.Debug|Any CPU.Build.0 = Debug|Any CPU
		{79049AA9-BF69-453A-8927-07BF896AB8E9}.Release|Any CPU.ActiveCfg = Release|Any CPU
		{79049AA9-BF69-453A-8927-07BF896AB8E9}.Release|Any CPU.Build.0 = Release|Any CPU
	EndGlobalSection
	GlobalSection(SolutionProperties) = preSolution
		HideSolutionNode = FALSE
	EndGlobalSection
	GlobalSection(ExtensibilityGlobals) = postSolution
		SolutionGuid = {B94FDC0A-F749-402A-BAE2-238B67095049}
	EndGlobalSection
EndGlobal
